
Microsoft Visual Studio Solution File, Format Version 12.00
# Visual Studio Version 17
VisualStudioVersion = 17.10.35122.118
MinimumVisualStudioVersion = 10.0.40219.1
Project("{FAE04EC0-301F-11D3-BF4B-00C04F79EFBC}") = "SistemaDeTarefas", "SistemaDeTarefas\SistemaDeTarefas.csproj", "{59CDAD7F-FC2C-4D61-A057-3FBAD02B0306}"
EndProject
Global
	GlobalSection(SolutionConfigurationPlatforms) = preSolution
		Debug|Any CPU = Debug|Any CPU
		Release|Any CPU = Release|Any CPU
	EndGlobalSection
	GlobalSection(ProjectConfigurationPlatforms) = postSolution
		{59CDAD7F-FC2C-4D61-A057-3FBAD02B0306}.Debug|Any CPU.ActiveCfg = Debug|Any CPU
		{59CDAD7F-FC2C-4D61-A057-3FBAD02B0306}.Debug|Any CPU.Build.0 = Debug|Any CPU
		{59CDAD7F-FC2C-4D61-A057-3FBAD02B0306}.Release|Any CPU.ActiveCfg = Release|Any CPU
		{59CDAD7F-FC2C-4D61-A057-3FBAD02B0306}.Release|Any CPU.Build.0 = Release|Any CPU
	EndGlobalSection
	GlobalSection(SolutionProperties) = preSolution
		HideSolutionNode = FALSE
	EndGlobalSection
	GlobalSection(ExtensibilityGlobals) = postSolution
		SolutionGuid = {B96F81B7-AB2A-46AD-8145-AF646CECF3C2}
	EndGlobalSection
EndGlobal
